Microsoft Visual Studio Solution File, Format Version 12.00
# Clarion 11.1
Project("{12B76EC0-1D7B-4FA7-A7D0-C524288B48A1}") = "MathLib", "MathLib.cwproj", "{B2C3D4E5-F6A7-8901-BCDE-F12345678901}"
EndProject
Global
	GlobalSection(SolutionConfigurationPlatforms) = preSolution
		Debug|Win32 = Debug|Win32
		Release|Win32 = Release|Win32
	EndGlobalSection
	GlobalSection(ProjectConfigurationPlatforms) = postSolution
		{B2C3D4E5-F6A7-8901-BCDE-F12345678901}.Debug|Win32.Build.0 = Debug|Win32
		{B2C3D4E5-F6A7-8901-BCDE-F12345678901}.Debug|Win32.ActiveCfg = Debug|Win32
		{B2C3D4E5-F6A7-8901-BCDE-F12345678901}.Release|Win32.Build.0 = Release|Win32
		{B2C3D4E5-F6A7-8901-BCDE-F12345678901}.Release|Win32.ActiveCfg = Release|Win32
	EndGlobalSection
EndGlobal
